Microsoft Visual Studio Solution File, Format Version 12.00
# Visual Studio 2012
Project("{FAE04EC0-301F-11D3-BF4B-00C04F79EFBC}") = "Falling Sands", "Falling Sands.csproj", "{98155D81-1F75-4BD7-9546-8D75F6D6F9EA}"
EndProject
Global
	GlobalSection(SolutionConfigurationPlatforms) = preSolution
	Debug|Any CPU = Debug|Any CPU
	ExportDebug|Any CPU = ExportDebug|Any CPU
	ExportRelease|Any CPU = ExportRelease|Any CPU
	EndGlobalSection
	GlobalSection(ProjectConfigurationPlatforms) = postSolution
		{98155D81-1F75-4BD7-9546-8D75F6D6F9EA}.Debug|Any CPU.ActiveCfg = Debug|Any CPU
		{98155D81-1F75-4BD7-9546-8D75F6D6F9EA}.Debug|Any CPU.Build.0 = Debug|Any CPU
		{98155D81-1F75-4BD7-9546-8D75F6D6F9EA}.ExportDebug|Any CPU.ActiveCfg = ExportDebug|Any CPU
		{98155D81-1F75-4BD7-9546-8D75F6D6F9EA}.ExportDebug|Any CPU.Build.0 = ExportDebug|Any CPU
		{98155D81-1F75-4BD7-9546-8D75F6D6F9EA}.ExportRelease|Any CPU.ActiveCfg = ExportRelease|Any CPU
		{98155D81-1F75-4BD7-9546-8D75F6D6F9EA}.ExportRelease|Any CPU.Build.0 = ExportRelease|Any CPU
	EndGlobalSection
EndGlobal
